
Microsoft Visual Studio Solution File, Format Version 12.00
# Visual Studio Version 17
VisualStudioVersion = 17.10.34928.147
MinimumVisualStudioVersion = 10.0.40219.1
Project("{9A19103F-16F7-4668-BE54-9A1E7A4F7556}") = "DocumentManagerService.HttpApi.Host", "services\documentManager\src\DocumentManagerService.HttpApi.Host\DocumentManagerService.HttpApi.Host.csproj", "{2C0E07FC-6107-4380-B58B-97E54E4DC104}"
EndProject
Global
	GlobalSection(SolutionConfigurationPlatforms) = preSolution
		Debug|Any CPU = Debug|Any CPU
		Release|Any CPU = Release|Any CPU
	EndGlobalSection
	GlobalSection(ProjectConfigurationPlatforms) = postSolution
		{2C0E07FC-6107-4380-B58B-97E54E4DC104}.Debug|Any CPU.ActiveCfg = Debug|Any CPU
		{2C0E07FC-6107-4380-B58B-97E54E4DC104}.Debug|Any CPU.Build.0 = Debug|Any CPU
		{2C0E07FC-6107-4380-B58B-97E54E4DC104}.Release|Any CPU.ActiveCfg = Release|Any CPU
		{2C0E07FC-6107-4380-B58B-97E54E4DC104}.Release|Any CPU.Build.0 = Release|Any CPU
	EndGlobalSection
	GlobalSection(SolutionProperties) = preSolution
		HideSolutionNode = FALSE
	EndGlobalSection
	GlobalSection(ExtensibilityGlobals) = postSolution
		SolutionGuid = {8552D51D-3924-4685-B677-1468E25C3A44}
	EndGlobalSection
EndGlobal
